{
  "name": "ccp-install",
  "version": "1.0.0",
  "lockfileVersion": 1,
  "requires": true,
  "dependencies": {
    "@cometchat-pro/chat": {
      "version": "1.0.3",
      "resolved": "https://registry.npmjs.org/@cometchat-pro/chat/-/chat-1.0.3.tgz",
      "integrity": "sha512-/50caxQHJ//jgSe49RYP8At/d993uvBxgR8Ue43fsjQEukL3LPrfMANl3VWS/52w8fPTTddNkil/jAxLE8mIFw=="
    }
  }
}
